
Microsoft Visual Studio Solution File, Format Version 12.00
# Visual Studio 14
VisualStudioVersion = 14.0.25420.1
MinimumVisualStudioVersion = 10.0.40219.1
Project("{FAE04EC0-301F-11D3-BF4B-00C04F79EFBC}") = "AddPost", "AddPost\AddPost.csproj", "{72CF9C24-268A-49A5-A13E-A1C722F4A028}"
EndProject
Project("{FAE04EC0-301F-11D3-BF4B-00C04F79EFBC}") = "DataModel", "DataModel\DataModel.csproj", "{84FC1B28-7FDA-4146-B9F5-A835EB620BB1}"
EndProject
Project("{FAE04EC0-301F-11D3-BF4B-00C04F79EFBC}") = "IServices", "IServices\IServices.csproj", "{5703FE2D-617B-463E-A284-F57B54870CA9}"
EndProject
Project("{FAE04EC0-301F-11D3-BF4B-00C04F79EFBC}") = "Services", "Services\Services.csproj", "{33F26EC3-230A-4424-8A3F-DEEB07386C9C}"
EndProject
Project("{FAE04EC0-301F-11D3-BF4B-00C04F79EFBC}") = "PostModel", "PostModel\PostModel.csproj", "{58D0EEB0-FA37-426A-B0E3-3314845B73A1}"
EndProject
Global
	GlobalSection(SolutionConfigurationPlatforms) = preSolution
		Debug|Any CPU = Debug|Any CPU
		Release|Any CPU = Release|Any CPU
	EndGlobalSection
	GlobalSection(ProjectConfigurationPlatforms) = postSolution
		{72CF9C24-268A-49A5-A13E-A1C722F4A028}.Debug|Any CPU.ActiveCfg = Debug|Any CPU
		{72CF9C24-268A-49A5-A13E-A1C722F4A028}.Debug|Any CPU.Build.0 = Debug|Any CPU
		{72CF9C24-268A-49A5-A13E-A1C722F4A028}.Release|Any CPU.ActiveCfg = Release|Any CPU
		{72CF9C24-268A-49A5-A13E-A1C722F4A028}.Release|Any CPU.Build.0 = Release|Any CPU
		{84FC1B28-7FDA-4146-B9F5-A835EB620BB1}.Debug|Any CPU.ActiveCfg = Debug|Any CPU
		{84FC1B28-7FDA-4146-B9F5-A835EB620BB1}.Debug|Any CPU.Build.0 = Debug|Any CPU
		{84FC1B28-7FDA-4146-B9F5-A835EB620BB1}.Release|Any CPU.ActiveCfg = Release|Any CPU
		{84FC1B28-7FDA-4146-B9F5-A835EB620BB1}.Release|Any CPU.Build.0 = Release|Any CPU
		{5703FE2D-617B-463E-A284-F57B54870CA9}.Debug|Any CPU.ActiveCfg = Debug|Any CPU
		{5703FE2D-617B-463E-A284-F57B54870CA9}.Debug|Any CPU.Build.0 = Debug|Any CPU
		{5703FE2D-617B-463E-A284-F57B54870CA9}.Release|Any CPU.ActiveCfg = Release|Any CPU
		{5703FE2D-617B-463E-A284-F57B54870CA9}.Release|Any CPU.Build.0 = Release|Any CPU
		{33F26EC3-230A-4424-8A3F-DEEB07386C9C}.Debug|Any CPU.ActiveCfg = Debug|Any CPU
		{33F26EC3-230A-4424-8A3F-DEEB07386C9C}.Debug|Any CPU.Build.0 = Debug|Any CPU
		{33F26EC3-230A-4424-8A3F-DEEB07386C9C}.Release|Any CPU.ActiveCfg = Release|Any CPU
		{33F26EC3-230A-4424-8A3F-DEEB07386C9C}.Release|Any CPU.Build.0 = Release|Any CPU
		{58D0EEB0-FA37-426A-B0E3-3314845B73A1}.Debug|Any CPU.ActiveCfg = Debug|Any CPU
		{58D0EEB0-FA37-426A-B0E3-3314845B73A1}.Debug|Any CPU.Build.0 = Debug|Any CPU
		{58D0EEB0-FA37-426A-B0E3-3314845B73A1}.Release|Any CPU.ActiveCfg = Release|Any CPU
		{58D0EEB0-FA37-426A-B0E3-3314845B73A1}.Release|Any CPU.Build.0 = Release|Any CPU
	EndGlobalSection
	GlobalSection(SolutionProperties) = preSolution
		HideSolutionNode = FALSE
	EndGlobalSection
EndGlobal
